
Microsoft Visual Studio Solution File, Format Version 12.00
# Visual Studio Version 16
VisualStudioVersion = 16.0.33328.57
MinimumVisualStudioVersion = 10.0.40219.1
Project("{FAE04EC0-301F-11D3-BF4B-00C04F79EFBC}") = "IfElse", "IfElse\IfElse.csproj", "{10900F69-4732-447A-93FA-B497DE7FE7C3}"
EndProject
Project("{FAE04EC0-301F-11D3-BF4B-00C04F79EFBC}") = "p151_ex2", "p151_ex2\p151_ex2.csproj", "{94EC5007-DDBF-40EE-91F8-080CEDAE2C5F}"
EndProject
Project("{FAE04EC0-301F-11D3-BF4B-00C04F79EFBC}") = "p151_ex3", "p151_ex3\p151_ex3.csproj", "{DCDA3D9E-B3E1-4DB9-A8EF-17C82AF62584}"
EndProject
Global
	GlobalSection(SolutionConfigurationPlatforms) = preSolution
		Debug|Any CPU = Debug|Any CPU
		Release|Any CPU = Release|Any CPU
	EndGlobalSection
	GlobalSection(ProjectConfigurationPlatforms) = postSolution
		{10900F69-4732-447A-93FA-B497DE7FE7C3}.Debug|Any CPU.ActiveCfg = Debug|Any CPU
		{10900F69-4732-447A-93FA-B497DE7FE7C3}.Debug|Any CPU.Build.0 = Debug|Any CPU
		{10900F69-4732-447A-93FA-B497DE7FE7C3}.Release|Any CPU.ActiveCfg = Release|Any CPU
		{10900F69-4732-447A-93FA-B497DE7FE7C3}.Release|Any CPU.Build.0 = Release|Any CPU
		{94EC5007-DDBF-40EE-91F8-080CEDAE2C5F}.Debug|Any CPU.ActiveCfg = Debug|Any CPU
		{94EC5007-DDBF-40EE-91F8-080CEDAE2C5F}.Debug|Any CPU.Build.0 = Debug|Any CPU
		{94EC5007-DDBF-40EE-91F8-080CEDAE2C5F}.Release|Any CPU.ActiveCfg = Release|Any CPU
		{94EC5007-DDBF-40EE-91F8-080CEDAE2C5F}.Release|Any CPU.Build.0 = Release|Any CPU
		{DCDA3D9E-B3E1-4DB9-A8EF-17C82AF62584}.Debug|Any CPU.ActiveCfg = Debug|Any CPU
		{DCDA3D9E-B3E1-4DB9-A8EF-17C82AF62584}.Debug|Any CPU.Build.0 = Debug|Any CPU
		{DCDA3D9E-B3E1-4DB9-A8EF-17C82AF62584}.Release|Any CPU.ActiveCfg = Release|Any CPU
		{DCDA3D9E-B3E1-4DB9-A8EF-17C82AF62584}.Release|Any CPU.Build.0 = Release|Any CPU
	EndGlobalSection
	GlobalSection(SolutionProperties) = preSolution
		HideSolutionNode = FALSE
	EndGlobalSection
	GlobalSection(ExtensibilityGlobals) = postSolution
		SolutionGuid = {A0E13962-FB38-4940-AF5C-B76A96017E87}
	EndGlobalSection
EndGlobal
